{
  "name": "rapix",
  "version": "0.7.3-beta",
  "lockfileVersion": 2,
  "requires": true,
  "packages": {
    "": {
      "name": "rapix",
      "version": "0.7.3-beta",
      "license": "ISC",
      "dependencies": {
        "traverse-remap": "^1.0.6"
      },
      "devDependencies": {
        "typescript": "^4.5.5"
      }
    },
    "node_modules/traverse-remap": {
      "version": "1.0.6",
      "resolved": "https://registry.npmjs.org/traverse-remap/-/traverse-remap-1.0.6.tgz",
      "integrity": "sha512-ua9w/gb2veI+S9xkpfGO90yHPa0yDJbdrLe2BiAgxr+W2j/LZavGpAb9EbG30tNE5bZPIx2/Q2bWtuh0cM/n7A=="
    },
    "node_modules/typescript": {
      "version": "4.5.5",
      "resolved": "https://registry.npmjs.org/typescript/-/typescript-4.5.5.tgz",
      "integrity": "sha512-TCTIul70LyWe6IJWT8QSYeA54WQe8EjQFU4wY52Fasj5UKx88LNYKCgBEHcOMOrFF1rKGbD8v/xcNWVUq9SymA==",
      "dev": true,
      "bin": {
        "tsc": "bin/tsc",
        "tsserver": "bin/tsserver"
      },
      "engines": {
        "node": ">=4.2.0"
      }
    }
  },
  "dependencies": {
    "traverse-remap": {
      "version": "1.0.6",
      "resolved": "https://registry.npmjs.org/traverse-remap/-/traverse-remap-1.0.6.tgz",
      "integrity": "sha512-ua9w/gb2veI+S9xkpfGO90yHPa0yDJbdrLe2BiAgxr+W2j/LZavGpAb9EbG30tNE5bZPIx2/Q2bWtuh0cM/n7A=="
    },
    "typescript": {
      "version": "4.5.5",
      "resolved": "https://registry.npmjs.org/typescript/-/typescript-4.5.5.tgz",
      "integrity": "sha512-TCTIul70LyWe6IJWT8QSYeA54WQe8EjQFU4wY52Fasj5UKx88LNYKCgBEHcOMOrFF1rKGbD8v/xcNWVUq9SymA==",
      "dev": true
    }
  }
}
